// !$*UTF8*$!
{
	archiveVersion = 1;
	classes = {
	};
	objectVersion = 46;
	objects = {

/* Begin PBXBuildFile section */
		90431ED41E3A1EC800333BCA /* AppDelegate.swift in Sources */ = {isa = PBXBuildFile; fileRef = 90431ED31E3A1EC800333BCA /* AppDelegate.swift */; };
		90431ED61E3A1EC800333BCA /* MainVC.swift in Sources */ = {isa = PBXBuildFile; fileRef = 90431ED51E3A1EC800333BCA /* MainVC.swift */; };
		90431ED91E3A1EC800333BCA /* Main.storyboard in Resources */ = {isa = PBXBuildFile; fileRef = 90431ED71E3A1EC800333BCA /* Main.storyboard */; };
		90431EDC1E3A1EC800333BCA /* breakfast.xcdatamodeld in Sources */ = {isa = PBXBuildFile; fileRef = 90431EDA1E3A1EC800333BCA /* breakfast.xcdatamodeld */; };
		90431EDE1E3A1EC800333BCA /* Assets.xcassets in Resources */ = {isa = PBXBuildFile; fileRef = 90431EDD1E3A1EC800333BCA /* Assets.xcassets */; };
		90431EE11E3A1EC800333BCA /* LaunchScreen.storyboard in Resources */ = {isa = PBXBuildFile; fileRef = 90431EDF1E3A1EC800333BCA /* LaunchScreen.storyboard */; };
		90431EED1E3A390D00333BCA /* RecipeVC.swift in Sources */ = {isa = PBXBuildFile; fileRef = 90431EEC1E3A390D00333BCA /* RecipeVC.swift */; };
		90431EEF1E3A395D00333BCA /* RecipeCell.swift in Sources */ = {isa = PBXBuildFile; fileRef = 90431EEE1E3A395D00333BCA /* RecipeCell.swift */; };
		90431EF11E3A46C800333BCA /* UIlabelExtension.swift in Sources */ = {isa = PBXBuildFile; fileRef = 90431EF01E3A46C800333BCA /* UIlabelExtension.swift */; };
		90431EF31E3A7C2D00333BCA /* Material Design.swift in Sources */ = {isa = PBXBuildFile; fileRef = 90431EF21E3A7C2D00333BCA /* Material Design.swift */; };
		90431EF71E3A7D9E00333BCA /* RoundedImage.swift in Sources */ = {isa = PBXBuildFile; fileRef = 90431EF61E3A7D9E00333BCA /* RoundedImage.swift */; };
		90431EF91E3A7E9E00333BCA /* RoundedView.swift in Sources */ = {isa = PBXBuildFile; fileRef = 90431EF81E3A7E9E00333BCA /* RoundedView.swift */; };
		906A37AD1E60A39800FA0AB4 /* CustomButton.swift in Sources */ = {isa = PBXBuildFile; fileRef = 906A37AC1E60A39800FA0AB4 /* CustomButton.swift */; };
		90CED3E91E82D48000570B81 /* RecipeData.swift in Sources */ = {isa = PBXBuildFile; fileRef = 90CED3E81E82D48000570B81 /* RecipeData.swift */; };
		90D0CBA91EAE2ABD00499312 /* Lato-Bold.ttf in Resources */ = {isa = PBXBuildFile; fileRef = 90D0CBA61EAE2ABD00499312 /* Lato-Bold.ttf */; };
		90D0CBAA1EAE2ABD00499312 /* Lato-Light.ttf in Resources */ = {isa = PBXBuildFile; fileRef = 90D0CBA71EAE2ABD00499312 /* Lato-Light.ttf */; };
		90D0CBAB1EAE2ABD00499312 /* Lato-Regular.ttf in Resources */ = {isa = PBXBuildFile; fileRef = 90D0CBA81EAE2ABD00499312 /* Lato-Regular.ttf */; };
		90F53D731E3F9CEE004C41A7 /* Recipe.swift in Sources */ = {isa = PBXBuildFile; fileRef = 90F53D721E3F9CEE004C41A7 /* Recipe.swift */; };
		AE8E62A8C415EE072E601433 /* Pods_breakfast.framework in Frameworks */ = {isa = PBXBuildFile; fileRef = CBA32FB18EA39753C2E0507A /* Pods_breakfast.framework */; };
/* End PBXBuildFile section */

/* Begin PBXFileReference section */
		30AD381D8727FBCC231DD32C /* Pods-breakfast.debug.xcconfig */ = {isa = PBXFileReference; includeInIndex = 1; lastKnownFileType = text.xcconfig; name = "Pods-breakfast.debug.xcconfig"; path = "Pods/Target Support Files/Pods-breakfast/Pods-breakfast.debug.xcconfig"; sourceTree = "<group>"; };
		90431ED01E3A1EC800333BCA /* breakfast.app */ = {isa = PBXFileReference; explicitFileType = wrapper.application; includeInIndex = 0; path = breakfast.app; sourceTree = BUILT_PRODUCTS_DIR; };
		90431ED31E3A1EC800333BCA /* AppDelegate.swift */ = {isa = PBXFileReference; lastKnownFileType = sourcecode.swift; path = AppDelegate.swift; sourceTree = "<group>"; };
		90431ED51E3A1EC800333BCA /* MainVC.swift */ = {isa = PBXFileReference; lastKnownFileType = sourcecode.swift; path = MainVC.swift; sourceTree = "<group>"; };
		90431ED81E3A1EC800333BCA /* Base */ = {isa = PBXFileReference; lastKnownFileType = file.storyboard; name = Base; path = Base.lproj/Main.storyboard; sourceTree = "<group>"; };
		90431EDB1E3A1EC800333BCA /* breakfast.xcdatamodel */ = {isa = PBXFileReference; lastKnownFileType = wrapper.xcdatamodel; path = breakfast.xcdatamodel; sourceTree = "<group>"; };
		90431EDD1E3A1EC800333BCA /* Assets.xcassets */ = {isa = PBXFileReference; lastKnownFileType = folder.assetcatalog; path = Assets.xcassets; sourceTree = "<group>"; };
		90431EE01E3A1EC800333BCA /* Base */ = {isa = PBXFileReference; lastKnownFileType = file.storyboard; name = Base; path = Base.lproj/LaunchScreen.storyboard; sourceTree = "<group>"; };
		90431EE21E3A1EC800333BCA /* Info.plist */ = {isa = PBXFileReference; lastKnownFileType = text.plist.xml; path = Info.plist; sourceTree = "<group>"; };
		90431EEC1E3A390D00333BCA /* RecipeVC.swift */ = {isa = PBXFileReference; fileEncoding = 4; lastKnownFileType = sourcecode.swift; path = RecipeVC.swift; sourceTree = "<group>"; };
		90431EEE1E3A395D00333BCA /* RecipeCell.swift */ = {isa = PBXFileReference; fileEncoding = 4; lastKnownFileType = sourcecode.swift; path = RecipeCell.swift; sourceTree = "<group>"; };
		90431EF01E3A46C800333BCA /* UIlabelExtension.swift */ = {isa = PBXFileReference; fileEncoding = 4; lastKnownFileType = sourcecode.swift; path = UIlabelExtension.swift; sourceTree = "<group>"; };
		90431EF21E3A7C2D00333BCA /* Material Design.swift */ = {isa = PBXFileReference; fileEncoding = 4; lastKnownFileType = sourcecode.swift; path = "Material Design.swift"; sourceTree = "<group>"; };
		90431EF61E3A7D9E00333BCA /* RoundedImage.swift */ = {isa = PBXFileReference; fileEncoding = 4; lastKnownFileType = sourcecode.swift; path = RoundedImage.swift; sourceTree = "<group>"; };
		90431EF81E3A7E9E00333BCA /* RoundedView.swift */ = {isa = PBXFileReference; fileEncoding = 4; lastKnownFileType = sourcecode.swift; path = RoundedView.swift; sourceTree = "<group>"; };
		906A37A81E60A33500FA0AB4 /* breakfast-Bridging-Header.h */ = {isa = PBXFileReference; lastKnownFileType = sourcecode.c.h; path = "breakfast-Bridging-Header.h"; sourceTree = "<group>"; };
		906A37AC1E60A39800FA0AB4 /* CustomButton.swift */ = {isa = PBXFileReference; fileEncoding = 4; lastKnownFileType = sourcecode.swift; path = CustomButton.swift; sourceTree = "<group>"; };
		90CED3E81E82D48000570B81 /* RecipeData.swift */ = {isa = PBXFileReference; fileEncoding = 4; lastKnownFileType = sourcecode.swift; path = RecipeData.swift; sourceTree = "<group>"; };
		90D0CBA61EAE2ABD00499312 /* Lato-Bold.ttf */ = {isa = PBXFileReference; lastKnownFileType = file; path = "Lato-Bold.ttf"; sourceTree = "<group>"; };
		90D0CBA71EAE2ABD00499312 /* Lato-Light.ttf */ = {isa = PBXFileReference; lastKnownFileType = file; path = "Lato-Light.ttf"; sourceTree = "<group>"; };
		90D0CBA81EAE2ABD00499312 /* Lato-Regular.ttf */ = {isa = PBXFileReference; lastKnownFileType = file; path = "Lato-Regular.ttf"; sourceTree = "<group>"; };
		90F53D721E3F9CEE004C41A7 /* Recipe.swift */ = {isa = PBXFileReference; fileEncoding = 4; lastKnownFileType = sourcecode.swift; path = Recipe.swift; sourceTree = "<group>"; };
		9B1583107D5985524E00C5A6 /* Pods-breakfast.release.xcconfig */ = {isa = PBXFileReference; includeInIndex = 1; lastKnownFileType = text.xcconfig; name = "Pods-breakfast.release.xcconfig"; path = "Pods/Target Support Files/Pods-breakfast/Pods-breakfast.release.xcconfig"; sourceTree = "<group>"; };
		CBA32FB18EA39753C2E0507A /* Pods_breakfast.framework */ = {isa = PBXFileReference; explicitFileType = wrapper.framework; includeInIndex = 0; path = Pods_breakfast.framework; sourceTree = BUILT_PRODUCTS_DIR; };
/* End PBXFileReference section */

/* Begin PBXFrameworksBuildPhase section */
		90431ECD1E3A1EC800333BCA /* Frameworks */ = {
			isa = PBXFrameworksBuildPhase;
			buildActionMask = 2147483647;
			files = (
				AE8E62A8C415EE072E601433 /* Pods_breakfast.framework in Frameworks */,
			);
			runOnlyForDeploymentPostprocessing = 0;
		};
/* End PBXFrameworksBuildPhase section */

/* Begin PBXGroup section */
		2FFDD738C052D209EFD8B859 /* Frameworks */ = {
			isa = PBXGroup;
			children = (
				CBA32FB18EA39753C2E0507A /* Pods_breakfast.framework */,
			);
			name = Frameworks;
			sourceTree = "<group>";
		};
		65E48185EE38B06F79D7159C /* Pods */ = {
			isa = PBXGroup;
			children = (
				30AD381D8727FBCC231DD32C /* Pods-breakfast.debug.xcconfig */,
				9B1583107D5985524E00C5A6 /* Pods-breakfast.release.xcconfig */,
			);
			name = Pods;
			sourceTree = "<group>";
		};
		90431EC71E3A1EC800333BCA = {
			isa = PBXGroup;
			children = (
				90431ED21E3A1EC800333BCA /* breakfast */,
				90431ED11E3A1EC800333BCA /* Products */,
				65E48185EE38B06F79D7159C /* Pods */,
				2FFDD738C052D209EFD8B859 /* Frameworks */,
			);
			sourceTree = "<group>";
		};
		90431ED11E3A1EC800333BCA /* Products */ = {
			isa = PBXGroup;
			children = (
				90431ED01E3A1EC800333BCA /* breakfast.app */,
			);
			name = Products;
			sourceTree = "<group>";
		};
		90431ED21E3A1EC800333BCA /* breakfast */ = {
			isa = PBXGroup;
			children = (
				90431EE91E3A387900333BCA /* UI */,
				90431EDD1E3A1EC800333BCA /* Assets.xcassets */,
				90431EEA1E3A388200333BCA /* Controllers */,
				90431EE81E3A386300333BCA /* Model */,
				90431EEB1E3A388A00333BCA /* Services */,
				90F53D701E3F9933004C41A7 /* Support Files */,
			);
			path = breakfast;
			sourceTree = "<group>";
		};
		90431EE81E3A386300333BCA /* Model */ = {
			isa = PBXGroup;
			children = (
				90F53D721E3F9CEE004C41A7 /* Recipe.swift */,
				90CED3E81E82D48000570B81 /* RecipeData.swift */,
			);
			name = Model;
			sourceTree = "<group>";
		};
		90431EE91E3A387900333BCA /* UI */ = {
			isa = PBXGroup;
			children = (
				90431ED71E3A1EC800333BCA /* Main.storyboard */,
				90431EDF1E3A1EC800333BCA /* LaunchScreen.storyboard */,
				90431EEE1E3A395D00333BCA /* RecipeCell.swift */,
			);
			name = UI;
			sourceTree = "<group>";
		};
		90431EEA1E3A388200333BCA /* Controllers */ = {
			isa = PBXGroup;
			children = (
				90431ED51E3A1EC800333BCA /* MainVC.swift */,
				90431EEC1E3A390D00333BCA /* RecipeVC.swift */,
			);
			name = Controllers;
			sourceTree = "<group>";
		};
		90431EEB1E3A388A00333BCA /* Services */ = {
			isa = PBXGroup;
			children = (
				90431EF21E3A7C2D00333BCA /* Material Design.swift */,
				90431EF01E3A46C800333BCA /* UIlabelExtension.swift */,
				90431EF61E3A7D9E00333BCA /* RoundedImage.swift */,
				906A37AC1E60A39800FA0AB4 /* CustomButton.swift */,
				90431EF81E3A7E9E00333BCA /* RoundedView.swift */,
				906A37A81E60A33500FA0AB4 /* breakfast-Bridging-Header.h */,
			);
			name = Services;
			sourceTree = "<group>";
		};
		90F53D701E3F9933004C41A7 /* Support Files */ = {
			isa = PBXGroup;
			children = (
				90D0CBA61EAE2ABD00499312 /* Lato-Bold.ttf */,
				90D0CBA71EAE2ABD00499312 /* Lato-Light.ttf */,
				90D0CBA81EAE2ABD00499312 /* Lato-Regular.ttf */,
				90431ED31E3A1EC800333BCA /* AppDelegate.swift */,
				90431EE21E3A1EC800333BCA /* Info.plist */,
				90431EDA1E3A1EC800333BCA /* breakfast.xcdatamodeld */,
			);
			name = "Support Files";
			sourceTree = "<group>";
		};
/* End PBXGroup section */

/* Begin PBXNativeTarget section */
		90431ECF1E3A1EC800333BCA /* breakfast */ = {
			isa = PBXNativeTarget;
			buildConfigurationList = 90431EE51E3A1EC800333BCA /* Build configuration list for PBXNativeTarget "breakfast" */;
			buildPhases = (
				B8DD76819CEE9BBA7A356EF3 /* [CP] Check Pods Manifest.lock */,
				90431ECC1E3A1EC800333BCA /* Sources */,
				90431ECD1E3A1EC800333BCA /* Frameworks */,
				90431ECE1E3A1EC800333BCA /* Resources */,
				D306B539452B0C5BCE756463 /* [CP] Embed Pods Frameworks */,
				5EC63E6001F1DF78F520BA48 /* [CP] Copy Pods Resources */,
			);
			buildRules = (
			);
			dependencies = (
			);
			name = breakfast;
			productName = breakfast;
			productReference = 90431ED01E3A1EC800333BCA /* breakfast.app */;
			productType = "com.apple.product-type.application";
		};
/* End PBXNativeTarget section */

/* Begin PBXProject section */
		90431EC81E3A1EC800333BCA /* Project object */ = {
			isa = PBXProject;
			attributes = {
				LastSwiftUpdateCheck = 0820;
				LastUpgradeCheck = 0920;
				ORGANIZATIONNAME = "Andrii Halabuda";
				TargetAttributes = {
					90431ECF1E3A1EC800333BCA = {
						CreatedOnToolsVersion = 8.2.1;
						DevelopmentTeam = PTRW36GG78;
						LastSwiftMigration = 0920;
						ProvisioningStyle = Automatic;
					};
				};
			};
			buildConfigurationList = 90431ECB1E3A1EC800333BCA /* Build configuration list for PBXProject "breakfast" */;
			compatibilityVersion = "Xcode 3.2";
			developmentRegion = English;
			hasScannedForEncodings = 0;
			knownRegions = (
				en,
				Base,
			);
			mainGroup = 90431EC71E3A1EC800333BCA;
			productRefGroup = 90431ED11E3A1EC800333BCA /* Products */;
			projectDirPath = "";
			projectRoot = "";
			targets = (
				90431ECF1E3A1EC800333BCA /* breakfast */,
			);
		};
/* End PBXProject section */

/* Begin PBXResourcesBuildPhase section */
		90431ECE1E3A1EC800333BCA /* Resources */ = {
			isa = PBXResourcesBuildPhase;
			buildActionMask = 2147483647;
			files = (
				90D0CBAA1EAE2ABD00499312 /* Lato-Light.ttf in Resources */,
				90D0CBAB1EAE2ABD00499312 /* Lato-Regular.ttf in Resources */,
				90431EE11E3A1EC800333BCA /* LaunchScreen.storyboard in Resources */,
				90431EDE1E3A1EC800333BCA /* Assets.xcassets in Resources */,
				90431ED91E3A1EC800333BCA /* Main.storyboard in Resources */,
				90D0CBA91EAE2ABD00499312 /* Lato-Bold.ttf in Resources */,
			);
			runOnlyForDeploymentPostprocessing = 0;
		};
/* End PBXResourcesBuildPhase section */

/* Begin PBXShellScriptBuildPhase section */
		5EC63E6001F1DF78F520BA48 /* [CP] Copy Pods Resources */ = {
			isa = PBXShellScriptBuildPhase;
			buildActionMask = 2147483647;
			files = (
			);
			inputPaths = (
			);
			name = "[CP] Copy Pods Resources";
			outputPaths = (
			);
			runOnlyForDeploymentPostprocessing = 0;
			shellPath = /bin/sh;
			shellScript = "\"${SRCROOT}/Pods/Target Support Files/Pods-breakfast/Pods-breakfast-resources.sh\"\n";
			showEnvVarsInLog = 0;
		};
		B8DD76819CEE9BBA7A356EF3 /* [CP] Check Pods Manifest.lock */ = {
			isa = PBXShellScriptBuildPhase;
			buildActionMask = 2147483647;
			files = (
			);
			inputPaths = (
			);
			name = "[CP] Check Pods Manifest.lock";
			outputPaths = (
			);
			runOnlyForDeploymentPostprocessing = 0;
			shellPath = /bin/sh;
			shellScript = "diff \"${PODS_ROOT}/../Podfile.lock\" \"${PODS_ROOT}/Manifest.lock\" > /dev/null\nif [ $? != 0 ] ; then\n    # print error to STDERR\n    echo \"error: The sandbox is not in sync with the Podfile.lock. Run 'pod install' or update your CocoaPods installation.\" >&2\n    exit 1\nfi\n";
			showEnvVarsInLog = 0;
		};
		D306B539452B0C5BCE756463 /* [CP] Embed Pods Frameworks */ = {
			isa = PBXShellScriptBuildPhase;
			buildActionMask = 2147483647;
			files = (
			);
			inputPaths = (
			);
			name = "[CP] Embed Pods Frameworks";
			outputPaths = (
			);
			runOnlyForDeploymentPostprocessing = 0;
			shellPath = /bin/sh;
			shellScript = "\"${SRCROOT}/Pods/Target Support Files/Pods-breakfast/Pods-breakfast-frameworks.sh\"\n";
			showEnvVarsInLog = 0;
		};
/* End PBXShellScriptBuildPhase section */

/* Begin PBXSourcesBuildPhase section */
		90431ECC1E3A1EC800333BCA /* Sources */ = {
			isa = PBXSourcesBuildPhase;
			buildActionMask = 2147483647;
			files = (
				90431EF11E3A46C800333BCA /* UIlabelExtension.swift in Sources */,
				90431EF71E3A7D9E00333BCA /* RoundedImage.swift in Sources */,
				90431EF91E3A7E9E00333BCA /* RoundedView.swift in Sources */,
				90CED3E91E82D48000570B81 /* RecipeData.swift in Sources */,
				90431EEF1E3A395D00333BCA /* RecipeCell.swift in Sources */,
				90431ED61E3A1EC800333BCA /* MainVC.swift in Sources */,
				90431EDC1E3A1EC800333BCA /* breakfast.xcdatamodeld in Sources */,
				90431EED1E3A390D00333BCA /* RecipeVC.swift in Sources */,
				90431ED41E3A1EC800333BCA /* AppDelegate.swift in Sources */,
				906A37AD1E60A39800FA0AB4 /* CustomButton.swift in Sources */,
				90431EF31E3A7C2D00333BCA /* Material Design.swift in Sources */,
				90F53D731E3F9CEE004C41A7 /* Recipe.swift in Sources */,
			);
			runOnlyForDeploymentPostprocessing = 0;
		};
/* End PBXSourcesBuildPhase section */

/* Begin PBXVariantGroup section */
		90431ED71E3A1EC800333BCA /* Main.storyboard */ = {
			isa = PBXVariantGroup;
			children = (
				90431ED81E3A1EC800333BCA /* Base */,
			);
			name = Main.storyboard;
			sourceTree = "<group>";
		};
		90431EDF1E3A1EC800333BCA /* LaunchScreen.storyboard */ = {
			isa = PBXVariantGroup;
			children = (
				90431EE01E3A1EC800333BCA /* Base */,
			);
			name = LaunchScreen.storyboard;
			sourceTree = "<group>";
		};
/* End PBXVariantGroup section */

/* Begin XCBuildConfiguration section */
		90431EE31E3A1EC800333BCA /* Debug */ = {
			isa = XCBuildConfiguration;
			buildSettings = {
				ALWAYS_SEARCH_USER_PATHS = NO;
				CLANG_ANALYZER_NONNULL = YES;
				CLANG_CXX_LANGUAGE_STANDARD = "gnu++0x";
				CLANG_CXX_LIBRARY = "libc++";
				CLANG_ENABLE_MODULES = YES;
				CLANG_ENABLE_OBJC_ARC = YES;
				CLANG_WARN_BLOCK_CAPTURE_AUTORELEASING = YES;
				CLANG_WARN_BOOL_CONVERSION = YES;
				CLANG_WARN_COMMA = YES;
				CLANG_WARN_CONSTANT_CONVERSION = YES;
				CLANG_WARN_DIRECT_OBJC_ISA_USAGE = YES_ERROR;
				CLANG_WARN_DOCUMENTATION_COMMENTS = YES;
				CLANG_WARN_EMPTY_BODY = YES;
				CLANG_WARN_ENUM_CONVERSION = YES;
				CLANG_WARN_INFINITE_RECURSION = YES;
				CLANG_WARN_INT_CONVERSION = YES;
				CLANG_WARN_NON_LITERAL_NULL_CONVERSION = YES;
				CLANG_WARN_OBJC_LITERAL_CONVERSION = YES;
				CLANG_WARN_OBJC_ROOT_CLASS = YES_ERROR;
				CLANG_WARN_RANGE_LOOP_ANALYSIS = YES;
				CLANG_WARN_STRICT_PROTOTYPES = YES;
				CLANG_WARN_SUSPICIOUS_MOVE = YES;
				CLANG_WARN_UNREACHABLE_CODE = YES;
				CLANG_WARN__DUPLICATE_METHOD_MATCH = YES;
				"CODE_SIGN_IDENTITY[sdk=iphoneos*]" = "iPhone Developer";
				COPY_PHASE_STRIP = NO;
				DEBUG_INFORMATION_FORMAT = dwarf;
				ENABLE_STRICT_OBJC_MSGSEND = YES;
				ENABLE_TESTABILITY = YES;
				GCC_C_LANGUAGE_STANDARD = gnu99;
				GCC_DYNAMIC_NO_PIC = NO;
				GCC_NO_COMMON_BLOCKS = YES;
				GCC_OPTIMIZATION_LEVEL = 0;
				GCC_PREPROCESSOR_DEFINITIONS = (
					"DEBUG=1",
					"$(inherited)",
				);
				GCC_WARN_64_TO_32_BIT_CONVERSION = YES;
				GCC_WARN_ABOUT_RETURN_TYPE = YES_ERROR;
				GCC_WARN_UNDECLARED_SELECTOR = YES;
				GCC_WARN_UNINITIALIZED_AUTOS = YES_AGGRESSIVE;
				GCC_WARN_UNUSED_FUNCTION = YES;
				GCC_WARN_UNUSED_VARIABLE = YES;
				IPHONEOS_DEPLOYMENT_TARGET = 10.2;
				MTL_ENABLE_DEBUG_INFO = YES;
				ONLY_ACTIVE_ARCH = YES;
				SDKROOT = iphoneos;
				SWIFT_ACTIVE_COMPILATION_CONDITIONS = DEBUG;
				SWIFT_OPTIMIZATION_LEVEL = "-Onone";
				TARGETED_DEVICE_FAMILY = "1,2";
			};
			name = Debug;
		};
		90431EE41E3A1EC800333BCA /* Release */ = {
			isa = XCBuildConfiguration;
			buildSettings = {
				ALWAYS_SEARCH_USER_PATHS = NO;
				CLANG_ANALYZER_NONNULL = YES;
				CLANG_CXX_LANGUAGE_STANDARD = "gnu++0x";
				CLANG_CXX_LIBRARY = "libc++";
				CLANG_ENABLE_MODULES = YES;
				CLANG_ENABLE_OBJC_ARC = YES;
				CLANG_WARN_BLOCK_CAPTURE_AUTORELEASING = YES;
				CLANG_WARN_BOOL_CONVERSION = YES;
				CLANG_WARN_COMMA = YES;
				CLANG_WARN_CONSTANT_CONVERSION = YES;
				CLANG_WARN_DIRECT_OBJC_ISA_USAGE = YES_ERROR;
				CLANG_WARN_DOCUMENTATION_COMMENTS = YES;
				CLANG_WARN_EMPTY_BODY = YES;
				CLANG_WARN_ENUM_CONVERSION = YES;
				CLANG_WARN_INFINITE_RECURSION = YES;
				CLANG_WARN_INT_CONVERSION = YES;
				CLANG_WARN_NON_LITERAL_NULL_CONVERSION = YES;
				CLANG_WARN_OBJC_LITERAL_CONVERSION = YES;
				CLANG_WARN_OBJC_ROOT_CLASS = YES_ERROR;
				CLANG_WARN_RANGE_LOOP_ANALYSIS = YES;
				CLANG_WARN_STRICT_PROTOTYPES = YES;
				CLANG_WARN_SUSPICIOUS_MOVE = YES;
				CLANG_WARN_UNREACHABLE_CODE = YES;
				CLANG_WARN__DUPLICATE_METHOD_MATCH = YES;
				"CODE_SIGN_IDENTITY[sdk=iphoneos*]" = "iPhone Developer";
				COPY_PHASE_STRIP = NO;
				DEBUG_INFORMATION_FORMAT = "dwarf-with-dsym";
				ENABLE_NS_ASSERTIONS = NO;
				ENABLE_STRICT_OBJC_MSGSEND = YES;
				GCC_C_LANGUAGE_STANDARD = gnu99;
				GCC_NO_COMMON_BLOCKS = YES;
				GCC_WARN_64_TO_32_BIT_CONVERSION = YES;
				GCC_WARN_ABOUT_RETURN_TYPE = YES_ERROR;
				GCC_WARN_UNDECLARED_SELECTOR = YES;
				GCC_WARN_UNINITIALIZED_AUTOS = YES_AGGRESSIVE;
				GCC_WARN_UNUSED_FUNCTION = YES;
				GCC_WARN_UNUSED_VARIABLE = YES;
				IPHONEOS_DEPLOYMENT_TARGET = 10.2;
				MTL_ENABLE_DEBUG_INFO = NO;
				SDKROOT = iphoneos;
				SWIFT_OPTIMIZATION_LEVEL = "-Owholemodule";
				TARGETED_DEVICE_FAMILY = "1,2";
				VALIDATE_PRODUCT = YES;
			};
			name = Release;
		};
		90431EE61E3A1EC800333BCA /* Debug */ = {
			isa = XCBuildConfiguration;
			baseConfigurationReference = 30AD381D8727FBCC231DD32C /* Pods-breakfast.debug.xcconfig */;
			buildSettings = {
				ASSETCATALOG_COMPILER_APPICON_NAME = AppIcon;
				CLANG_ENABLE_MODULES = YES;
				"CODE_SIGN_IDENTITY[sdk=iphoneos*]" = "iPhone Developer";
				CODE_SIGN_STYLE = Automatic;
				DEVELOPMENT_TEAM = "";
				INFOPLIST_FILE = breakfast/Info.plist;
				IPHONEOS_DEPLOYMENT_TARGET = 10.0;
				LD_RUNPATH_SEARCH_PATHS = "$(inherited) @executable_path/Frameworks";
				PRODUCT_BUNDLE_IDENTIFIER = com.losAngelesBoy.breakfast;
				PRODUCT_NAME = "$(TARGET_NAME)";
				PROVISIONING_PROFILE = "";
				PROVISIONING_PROFILE_SPECIFIER = "";
				SWIFT_OBJC_BRIDGING_HEADER = "breakfast/breakfast-Bridging-Header.h";
				SWIFT_OPTIMIZATION_LEVEL = "-Onone";
				SWIFT_SWIFT3_OBJC_INFERENCE = On;
				SWIFT_VERSION = 4.0;
				TARGETED_DEVICE_FAMILY = 1;
			};
			name = Debug;
		};
		90431EE71E3A1EC800333BCA /* Release */ = {
			isa = XCBuildConfiguration;
			baseConfigurationReference = 9B1583107D5985524E00C5A6 /* Pods-breakfast.release.xcconfig */;
			buildSettings = {
				ASSETCATALOG_COMPILER_APPICON_NAME = AppIcon;
				CLANG_ENABLE_MODULES = YES;
				"CODE_SIGN_IDENTITY[sdk=iphoneos*]" = "iPhone Developer";
				CODE_SIGN_STYLE = Automatic;
				DEVELOPMENT_TEAM = "";
				INFOPLIST_FILE = breakfast/Info.plist;
				IPHONEOS_DEPLOYMENT_TARGET = 10.0;
				LD_RUNPATH_SEARCH_PATHS = "$(inherited) @executable_path/Frameworks";
				PRODUCT_BUNDLE_IDENTIFIER = com.losAngelesBoy.breakfast;
				PRODUCT_NAME = "$(TARGET_NAME)";
				PROVISIONING_PROFILE = "";
				PROVISIONING_PROFILE_SPECIFIER = "";
				SWIFT_OBJC_BRIDGING_HEADER = "breakfast/breakfast-Bridging-Header.h";
				SWIFT_SWIFT3_OBJC_INFERENCE = On;
				SWIFT_VERSION = 4.0;
				TARGETED_DEVICE_FAMILY = 1;
			};
			name = Release;
		};
/* End XCBuildConfiguration section */

/* Begin XCConfigurationList section */
		90431ECB1E3A1EC800333BCA /* Build configuration list for PBXProject "breakfast" */ = {
			isa = XCConfigurationList;
			buildConfigurations = (
				90431EE31E3A1EC800333BCA /* Debug */,
				90431EE41E3A1EC800333BCA /* Release */,
			);
			defaultConfigurationIsVisible = 0;
			defaultConfigurationName = Release;
		};
		90431EE51E3A1EC800333BCA /* Build configuration list for PBXNativeTarget "breakfast" */ = {
			isa = XCConfigurationList;
			buildConfigurations = (
				90431EE61E3A1EC800333BCA /* Debug */,
				90431EE71E3A1EC800333BCA /* Release */,
			);
			defaultConfigurationIsVisible = 0;
			defaultConfigurationName = Release;
		};
/* End XCConfigurationList section */

/* Begin XCVersionGroup section */
		90431EDA1E3A1EC800333BCA /* breakfast.xcdatamodeld */ = {
			isa = XCVersionGroup;
			children = (
				90431EDB1E3A1EC800333BCA /* breakfast.xcdatamodel */,
			);
			currentVersion = 90431EDB1E3A1EC800333BCA /* breakfast.xcdatamodel */;
			path = breakfast.xcdatamodeld;
			sourceTree = "<group>";
			versionGroupType = wrapper.xcdatamodel;
		};
/* End XCVersionGroup section */
	};
	rootObject = 90431EC81E3A1EC800333BCA /* Project object */;
}
